
Microsoft Visual Studio Solution File, Format Version 12.00
# Visual Studio Version 16
VisualStudioVersion = 16.0.30523.141
MinimumVisualStudioVersion = 10.0.40219.1
Project("{FAE04EC0-301F-11D3-BF4B-00C04F79EFBC}") = "StarWarsCharacters", "StarWarsCharacters\StarWarsCharacters.csproj", "{C58FAEF1-919C-4479-964A-C6AB6D4DD647}"
EndProject
Global
	GlobalSection(SolutionConfigurationPlatforms) = preSolution
		Debug|Any CPU = Debug|Any CPU
		Release|Any CPU = Release|Any CPU
	EndGlobalSection
	GlobalSection(ProjectConfigurationPlatforms) = postSolution
		{C58FAEF1-919C-4479-964A-C6AB6D4DD647}.Debug|Any CPU.ActiveCfg = Debug|Any CPU
		{C58FAEF1-919C-4479-964A-C6AB6D4DD647}.Debug|Any CPU.Build.0 = Debug|Any CPU
		{C58FAEF1-919C-4479-964A-C6AB6D4DD647}.Release|Any CPU.ActiveCfg = Release|Any CPU
		{C58FAEF1-919C-4479-964A-C6AB6D4DD647}.Release|Any CPU.Build.0 = Release|Any CPU
	EndGlobalSection
	GlobalSection(SolutionProperties) = preSolution
		HideSolutionNode = FALSE
	EndGlobalSection
	GlobalSection(ExtensibilityGlobals) = postSolution
		SolutionGuid = {09771B58-2E81-4D46-B3F7-BEF706CFCAE4}
	EndGlobalSection
EndGlobal
